
Microsoft Visual Studio Solution File, Format Version 12.00
# Visual Studio Version 17
VisualStudioVersion = 17.14.36414.22 d17.14
MinimumVisualStudioVersion = 10.0.40219.1
Project("{8BC9CEB8-8B4A-11D0-8D11-00A0C91BC942}") = "SHERIFFBOT", "SHERIFFBOT.vcxproj", "{88C34DEE-A3E8-B3BE-4D0D-9889A98ECAC9}"
EndProject
Project("{8BC9CEB8-8B4A-11D0-8D11-00A0C91BC942}") = "MODEL", "..\MODEL\MODEL.vcxproj", "{4DDA8E53-E69C-42B8-D61C-3CAC58647830}"
EndProject
Project("{8BC9CEB8-8B4A-11D0-8D11-00A0C91BC942}") = "CONTROLLER", "..\CONTROLLER\CONTROLLER.vcxproj", "{3237CDA5-66DE-3080-9CC2-81FA778224EF}"
EndProject
Project("{8BC9CEB8-8B4A-11D0-8D11-00A0C91BC942}") = "PERSISTANCE", "..\PERSISTANCE\PERSISTANCE.vcxproj", "{EB3CB780-4D0D-76E8-9A97-962BC77B31DD}"
EndProject
Project("{8BC9CEB8-8B4A-11D0-8D11-00A0C91BC942}") = "SheriffBotGUIApp", "..\SheriffBotGUIApp\SheriffBotGUIApp.vcxproj", "{D94E814C-701B-FEB5-560C-7248D3DF1F47}"
EndProject
Project("{8BC9CEB8-8B4A-11D0-8D11-00A0C91BC942}") = "SERVICE", "..\SERVICE\SERVICE.vcxproj", "{54D58E6A-4876-7413-16E5-C280F69B6AD5}"
EndProject
Global
	GlobalSection(SolutionConfigurationPlatforms) = preSolution
		Debug|x64 = Debug|x64
		Debug|x86 = Debug|x86
		Release|x64 = Release|x64
		Release|x86 = Release|x86
	EndGlobalSection
	GlobalSection(ProjectConfigurationPlatforms) = postSolution
		{88C34DEE-A3E8-B3BE-4D0D-9889A98ECAC9}.Debug|x64.ActiveCfg = Debug|x64
		{88C34DEE-A3E8-B3BE-4D0D-9889A98ECAC9}.Debug|x64.Build.0 = Debug|x64
		{88C34DEE-A3E8-B3BE-4D0D-9889A98ECAC9}.Debug|x86.ActiveCfg = Debug|Win32
		{88C34DEE-A3E8-B3BE-4D0D-9889A98ECAC9}.Debug|x86.Build.0 = Debug|Win32
		{88C34DEE-A3E8-B3BE-4D0D-9889A98ECAC9}.Release|x64.ActiveCfg = Release|x64
		{88C34DEE-A3E8-B3BE-4D0D-9889A98ECAC9}.Release|x64.Build.0 = Release|x64
		{88C34DEE-A3E8-B3BE-4D0D-9889A98ECAC9}.Release|x86.ActiveCfg = Release|Win32
		{88C34DEE-A3E8-B3BE-4D0D-9889A98ECAC9}.Release|x86.Build.0 = Release|Win32
		{4DDA8E53-E69C-42B8-D61C-3CAC58647830}.Debug|x64.ActiveCfg = Debug|x64
		{4DDA8E53-E69C-42B8-D61C-3CAC58647830}.Debug|x64.Build.0 = Debug|x64
		{4DDA8E53-E69C-42B8-D61C-3CAC58647830}.Debug|x86.ActiveCfg = Debug|Win32
		{4DDA8E53-E69C-42B8-D61C-3CAC58647830}.Debug|x86.Build.0 = Debug|Win32
		{4DDA8E53-E69C-42B8-D61C-3CAC58647830}.Release|x64.ActiveCfg = Release|x64
		{4DDA8E53-E69C-42B8-D61C-3CAC58647830}.Release|x64.Build.0 = Release|x64
		{4DDA8E53-E69C-42B8-D61C-3CAC58647830}.Release|x86.ActiveCfg = Release|Win32
		{4DDA8E53-E69C-42B8-D61C-3CAC58647830}.Release|x86.Build.0 = Release|Win32
		{3237CDA5-66DE-3080-9CC2-81FA778224EF}.Debug|x64.ActiveCfg = Debug|x64
		{3237CDA5-66DE-3080-9CC2-81FA778224EF}.Debug|x64.Build.0 = Debug|x64
		{3237CDA5-66DE-3080-9CC2-81FA778224EF}.Debug|x86.ActiveCfg = Debug|Win32
		{3237CDA5-66DE-3080-9CC2-81FA778224EF}.Debug|x86.Build.0 = Debug|Win32
		{3237CDA5-66DE-3080-9CC2-81FA778224EF}.Release|x64.ActiveCfg = Release|x64
		{3237CDA5-66DE-3080-9CC2-81FA778224EF}.Release|x64.Build.0 = Release|x64
		{3237CDA5-66DE-3080-9CC2-81FA778224EF}.Release|x86.ActiveCfg = Release|Win32
		{3237CDA5-66DE-3080-9CC2-81FA778224EF}.Release|x86.Build.0 = Release|Win32
		{EB3CB780-4D0D-76E8-9A97-962BC77B31DD}.Debug|x64.ActiveCfg = Debug|x64
		{EB3CB780-4D0D-76E8-9A97-962BC77B31DD}.Debug|x64.Build.0 = Debug|x64
		{EB3CB780-4D0D-76E8-9A97-962BC77B31DD}.Debug|x86.ActiveCfg = Debug|Win32
		{EB3CB780-4D0D-76E8-9A97-962BC77B31DD}.Debug|x86.Build.0 = Debug|Win32
		{EB3CB780-4D0D-76E8-9A97-962BC77B31DD}.Release|x64.ActiveCfg = Release|x64
		{EB3CB780-4D0D-76E8-9A97-962BC77B31DD}.Release|x64.Build.0 = Release|x64
		{EB3CB780-4D0D-76E8-9A97-962BC77B31DD}.Release|x86.ActiveCfg = Release|Win32
		{EB3CB780-4D0D-76E8-9A97-962BC77B31DD}.Release|x86.Build.0 = Release|Win32
		{D94E814C-701B-FEB5-560C-7248D3DF1F47}.Debug|x64.ActiveCfg = Debug|x64
		{D94E814C-701B-FEB5-560C-7248D3DF1F47}.Debug|x64.Build.0 = Debug|x64
		{D94E814C-701B-FEB5-560C-7248D3DF1F47}.Debug|x86.ActiveCfg = Debug|Win32
		{D94E814C-701B-FEB5-560C-7248D3DF1F47}.Debug|x86.Build.0 = Debug|Win32
		{D94E814C-701B-FEB5-560C-7248D3DF1F47}.Release|x64.ActiveCfg = Release|x64
		{D94E814C-701B-FEB5-560C-7248D3DF1F47}.Release|x64.Build.0 = Release|x64
		{D94E814C-701B-FEB5-560C-7248D3DF1F47}.Release|x86.ActiveCfg = Release|Win32
		{D94E814C-701B-FEB5-560C-7248D3DF1F47}.Release|x86.Build.0 = Release|Win32
		{54D58E6A-4876-7413-16E5-C280F69B6AD5}.Debug|x64.ActiveCfg = Debug|x64
		{54D58E6A-4876-7413-16E5-C280F69B6AD5}.Debug|x64.Build.0 = Debug|x64
		{54D58E6A-4876-7413-16E5-C280F69B6AD5}.Debug|x86.ActiveCfg = Debug|Win32
		{54D58E6A-4876-7413-16E5-C280F69B6AD5}.Debug|x86.Build.0 = Debug|Win32
		{54D58E6A-4876-7413-16E5-C280F69B6AD5}.Release|x64.ActiveCfg = Release|x64
		{54D58E6A-4876-7413-16E5-C280F69B6AD5}.Release|x64.Build.0 = Release|x64
		{54D58E6A-4876-7413-16E5-C280F69B6AD5}.Release|x86.ActiveCfg = Release|Win32
		{54D58E6A-4876-7413-16E5-C280F69B6AD5}.Release|x86.Build.0 = Release|Win32
	EndGlobalSection
	GlobalSection(SolutionProperties) = preSolution
		HideSolutionNode = FALSE
	EndGlobalSection
	GlobalSection(ExtensibilityGlobals) = postSolution
		SolutionGuid = {C3A0E7D4-5601-4344-999A-4329A43768C4}
	EndGlobalSection
EndGlobal
